
Microsoft Visual Studio Solution File, Format Version 12.00
# Visual Studio Version 16
VisualStudioVersion = 16.0.29926.136
MinimumVisualStudioVersion = 10.0.40219.1
Project("{9A19103F-16F7-4668-BE54-9A1E7A4F7556}") = "ExtentReports", "ExtentReports\ExtentReports.csproj", "{15BC7CCB-30B0-4D12-A525-3F51E611FEB2}"
EndProject
Project("{9A19103F-16F7-4668-BE54-9A1E7A4F7556}") = "AutomationPractice", "AutomationPractice\AutomationPractice.csproj", "{C4218638-47FB-4478-9B28-E5C738EA7B49}"
EndProject
Global
	GlobalSection(SolutionConfigurationPlatforms) = preSolution
		Debug|Any CPU = Debug|Any CPU
		Release|Any CPU = Release|Any CPU
	EndGlobalSection
	GlobalSection(ProjectConfigurationPlatforms) = postSolution
		{15BC7CCB-30B0-4D12-A525-3F51E611FEB2}.Debug|Any CPU.ActiveCfg = Debug|Any CPU
		{15BC7CCB-30B0-4D12-A525-3F51E611FEB2}.Debug|Any CPU.Build.0 = Debug|Any CPU
		{15BC7CCB-30B0-4D12-A525-3F51E611FEB2}.Release|Any CPU.ActiveCfg = Release|Any CPU
		{15BC7CCB-30B0-4D12-A525-3F51E611FEB2}.Release|Any CPU.Build.0 = Release|Any CPU
		{C4218638-47FB-4478-9B28-E5C738EA7B49}.Debug|Any CPU.ActiveCfg = Debug|Any CPU
		{C4218638-47FB-4478-9B28-E5C738EA7B49}.Debug|Any CPU.Build.0 = Debug|Any CPU
		{C4218638-47FB-4478-9B28-E5C738EA7B49}.Release|Any CPU.ActiveCfg = Release|Any CPU
		{C4218638-47FB-4478-9B28-E5C738EA7B49}.Release|Any CPU.Build.0 = Release|Any CPU
	EndGlobalSection
	GlobalSection(SolutionProperties) = preSolution
		HideSolutionNode = FALSE
	EndGlobalSection
	GlobalSection(ExtensibilityGlobals) = postSolution
		SolutionGuid = {590B34D7-D0EC-41A4-BF0F-643DC59EF350}
	EndGlobalSection
EndGlobal
